
Microsoft Visual Studio Solution File, Format Version 12.00
# Visual Studio 15
VisualStudioVersion = 15.0.28307.271
MinimumVisualStudioVersion = 10.0.40219.1
Project("{FAE04EC0-301F-11D3-BF4B-00C04F79EFBC}") = "MyTwitterCloneApp", "TCloneApp\MyTwitterCloneApp.csproj", "{AE34E126-9E55-445A-B35E-03193EAD987D}"
EndProject
Global
	GlobalSection(SolutionConfigurationPlatforms) = preSolution
		Debug|Any CPU = Debug|Any CPU
		Release|Any CPU = Release|Any CPU
	EndGlobalSection
	GlobalSection(ProjectConfigurationPlatforms) = postSolution
		{AE34E126-9E55-445A-B35E-03193EAD987D}.Debug|Any CPU.ActiveCfg = Debug|Any CPU
		{AE34E126-9E55-445A-B35E-03193EAD987D}.Debug|Any CPU.Build.0 = Debug|Any CPU
		{AE34E126-9E55-445A-B35E-03193EAD987D}.Release|Any CPU.ActiveCfg = Release|Any CPU
		{AE34E126-9E55-445A-B35E-03193EAD987D}.Release|Any CPU.Build.0 = Release|Any CPU
	EndGlobalSection
	GlobalSection(SolutionProperties) = preSolution
		HideSolutionNode = FALSE
	EndGlobalSection
	GlobalSection(ExtensibilityGlobals) = postSolution
		SolutionGuid = {D8BCA6F2-1B54-433A-AEF9-BE0BA6996FA9}
	EndGlobalSection
EndGlobal
